// !$*UTF8*$!
{
	archiveVersion = 1;
	classes = {
	};
	objectVersion = 50;
	objects = {

/* Begin PBXBuildFile section */
		BA7EF795243FE3BF00EEAEF2 /* AppDelegate.swift in Sources */ = {isa = PBXBuildFile; fileRef = BA7EF794243FE3BF00EEAEF2 /* AppDelegate.swift */; };
		BA7EF797243FE3BF00EEAEF2 /* SceneDelegate.swift in Sources */ = {isa = PBXBuildFile; fileRef = BA7EF796243FE3BF00EEAEF2 /* SceneDelegate.swift */; };
		BA7EF799243FE3BF00EEAEF2 /* ViewController.swift in Sources */ = {isa = PBXBuildFile; fileRef = BA7EF798243FE3BF00EEAEF2 /* ViewController.swift */; };
		BA7EF79C243FE3BF00EEAEF2 /* Main.storyboard in Resources */ = {isa = PBXBuildFile; fileRef = BA7EF79A243FE3BF00EEAEF2 /* Main.storyboard */; };
		BA7EF79E243FE3C200EEAEF2 /* Assets.xcassets in Resources */ = {isa = PBXBuildFile; fileRef = BA7EF79D243FE3C200EEAEF2 /* Assets.xcassets */; };
		BA7EF7A1243FE3C200EEAEF2 /* LaunchScreen.storyboard in Resources */ = {isa = PBXBuildFile; fileRef = BA7EF79F243FE3C200EEAEF2 /* LaunchScreen.storyboard */; };
/* End PBXBuildFile section */

/* Begin PBXFileReference section */
		BA7EF791243FE3BF00EEAEF2 /* ReusableCustomPopup.app */ = {isa = PBXFileReference; explicitFileType = wrapper.application; includeInIndex = 0; path = ReusableCustomPopup.app; sourceTree = BUILT_PRODUCTS_DIR; };
		BA7EF794243FE3BF00EEAEF2 /* AppDelegate.swift */ = {isa = PBXFileReference; lastKnownFileType = sourcecode.swift; path = AppDelegate.swift; sourceTree = "<group>"; };
		BA7EF796243FE3BF00EEAEF2 /* SceneDelegate.swift */ = {isa = PBXFileReference; lastKnownFileType = sourcecode.swift; path = SceneDelegate.swift; sourceTree = "<group>"; };
		BA7EF798243FE3BF00EEAEF2 /* ViewController.swift */ = {isa = PBXFileReference; lastKnownFileType = sourcecode.swift; path = ViewController.swift; sourceTree = "<group>"; };
		BA7EF79B243FE3BF00EEAEF2 /* Base */ = {isa = PBXFileReference; lastKnownFileType = file.storyboard; name = Base; path = Base.lproj/Main.storyboard; sourceTree = "<group>"; };
		BA7EF79D243FE3C200EEAEF2 /* Assets.xcassets */ = {isa = PBXFileReference; lastKnownFileType = folder.assetcatalog; path = Assets.xcassets; sourceTree = "<group>"; };
		BA7EF7A0243FE3C200EEAEF2 /* Base */ = {isa = PBXFileReference; lastKnownFileType = file.storyboard; name = Base; path = Base.lproj/LaunchScreen.storyboard; sourceTree = "<group>"; };
		BA7EF7A2243FE3C200EEAEF2 /* Info.plist */ = {isa = PBXFileReference; lastKnownFileType = text.plist.xml; path = Info.plist; sourceTree = "<group>"; };
/* End PBXFileReference section */

/* Begin PBXFrameworksBuildPhase section */
		BA7EF78E243FE3BF00EEAEF2 /* Frameworks */ = {
			isa = PBXFrameworksBuildPhase;
			buildActionMask = 2147483647;
			files = (
			);
			runOnlyForDeploymentPostprocessing = 0;
		};
/* End PBXFrameworksBuildPhase section */

/* Begin PBXGroup section */
		BA7EF788243FE3BF00EEAEF2 = {
			isa = PBXGroup;
			children = (
				BA7EF793243FE3BF00EEAEF2 /* ReusableCustomPopup */,
				BA7EF792243FE3BF00EEAEF2 /* Products */,
			);
			sourceTree = "<group>";
		};
		BA7EF792243FE3BF00EEAEF2 /* Products */ = {
			isa = PBXGroup;
			children = (
				BA7EF791243FE3BF00EEAEF2 /* ReusableCustomPopup.app */,
			);
			name = Products;
			sourceTree = "<group>";
		};
		BA7EF793243FE3BF00EEAEF2 /* ReusableCustomPopup */ = {
			isa = PBXGroup;
			children = (
				BA7EF794243FE3BF00EEAEF2 /* AppDelegate.swift */,
				BA7EF796243FE3BF00EEAEF2 /* SceneDelegate.swift */,
				BA7EF798243FE3BF00EEAEF2 /* ViewController.swift */,
				BA7EF79A243FE3BF00EEAEF2 /* Main.storyboard */,
				BA7EF79D243FE3C200EEAEF2 /* Assets.xcassets */,
				BA7EF79F243FE3C200EEAEF2 /* LaunchScreen.storyboard */,
				BA7EF7A2243FE3C200EEAEF2 /* Info.plist */,
			);
			path = ReusableCustomPopup;
			sourceTree = "<group>";
		};
/* End PBXGroup section */

/* Begin PBXNativeTarget section */
		BA7EF790243FE3BF00EEAEF2 /* ReusableCustomPopup */ = {
			isa = PBXNativeTarget;
			buildConfigurationList = BA7EF7A5243FE3C200EEAEF2 /* Build configuration list for PBXNativeTarget "ReusableCustomPopup" */;
			buildPhases = (
				BA7EF78D243FE3BF00EEAEF2 /* Sources */,
				BA7EF78E243FE3BF00EEAEF2 /* Frameworks */,
				BA7EF78F243FE3BF00EEAEF2 /* Resources */,
			);
			buildRules = (
			);
			dependencies = (
			);
			name = ReusableCustomPopup;
			productName = ReusableCustomPopup;
			productReference = BA7EF791243FE3BF00EEAEF2 /* ReusableCustomPopup.app */;
			productType = "com.apple.product-type.application";
		};
/* End PBXNativeTarget section */

/* Begin PBXProject section */
		BA7EF789243FE3BF00EEAEF2 /* Project object */ = {
			isa = PBXProject;
			attributes = {
				LastSwiftUpdateCheck = 1110;
				LastUpgradeCheck = 1110;
				ORGANIZATIONNAME = Mohamed74;
				TargetAttributes = {
					BA7EF790243FE3BF00EEAEF2 = {
						CreatedOnToolsVersion = 11.1;
					};
				};
			};
			buildConfigurationList = BA7EF78C243FE3BF00EEAEF2 /* Build configuration list for PBXProject "ReusableCustomPopup" */;
			compatibilityVersion = "Xcode 9.3";
			developmentRegion = en;
			hasScannedForEncodings = 0;
			knownRegions = (
				en,
				Base,
			);
			mainGroup = BA7EF788243FE3BF00EEAEF2;
			productRefGroup = BA7EF792243FE3BF00EEAEF2 /* Products */;
			projectDirPath = "";
			projectRoot = "";
			targets = (
				BA7EF790243FE3BF00EEAEF2 /* ReusableCustomPopup */,
			);
		};
/* End PBXProject section */

/* Begin PBXResourcesBuildPhase section */
		BA7EF78F243FE3BF00EEAEF2 /* Resources */ = {
			isa = PBXResourcesBuildPhase;
			buildActionMask = 2147483647;
			files = (
				BA7EF7A1243FE3C200EEAEF2 /* LaunchScreen.storyboard in Resources */,
				BA7EF79E243FE3C200EEAEF2 /* Assets.xcassets in Resources */,
				BA7EF79C243FE3BF00EEAEF2 /* Main.storyboard in Resources */,
			);
			runOnlyForDeploymentPostprocessing = 0;
		};
/* End PBXResourcesBuildPhase section */

/* Begin PBXSourcesBuildPhase section */
		BA7EF78D243FE3BF00EEAEF2 /* Sources */ = {
			isa = PBXSourcesBuildPhase;
			buildActionMask = 2147483647;
			files = (
				BA7EF799243FE3BF00EEAEF2 /* ViewController.swift in Sources */,
				BA7EF795243FE3BF00EEAEF2 /* AppDelegate.swift in Sources */,
				BA7EF797243FE3BF00EEAEF2 /* SceneDelegate.swift in Sources */,
			);
			runOnlyForDeploymentPostprocessing = 0;
		};
/* End PBXSourcesBuildPhase section */

/* Begin PBXVariantGroup section */
		BA7EF79A243FE3BF00EEAEF2 /* Main.storyboard */ = {
			isa = PBXVariantGroup;
			children = (
				BA7EF79B243FE3BF00EEAEF2 /* Base */,
			);
			name = Main.storyboard;
			sourceTree = "<group>";
		};
		BA7EF79F243FE3C200EEAEF2 /* LaunchScreen.storyboard */ = {
			isa = PBXVariantGroup;
			children = (
				BA7EF7A0243FE3C200EEAEF2 /* Base */,
			);
			name = LaunchScreen.storyboard;
			sourceTree = "<group>";
		};
/* End PBXVariantGroup section */

/* Begin XCBuildConfiguration section */
		BA7EF7A3243FE3C200EEAEF2 /* Debug */ = {
			isa = XCBuildConfiguration;
			buildSettings = {
				ALWAYS_SEARCH_USER_PATHS = NO;
				CLANG_ANALYZER_NONNULL = YES;
				CLANG_ANALYZER_NUMBER_OBJECT_CONVERSION = YES_AGGRESSIVE;
				CLANG_CXX_LANGUAGE_STANDARD = "gnu++14";
				CLANG_CXX_LIBRARY = "libc++";
				CLANG_ENABLE_MODULES = YES;
				CLANG_ENABLE_OBJC_ARC = YES;
				CLANG_ENABLE_OBJC_WEAK = YES;
				CLANG_WARN_BLOCK_CAPTURE_AUTORELEASING = YES;
				CLANG_WARN_BOOL_CONVERSION = YES;
				CLANG_WARN_COMMA = YES;
				CLANG_WARN_CONSTANT_CONVERSION = YES;
				CLANG_WARN_DEPRECATED_OBJC_IMPLEMENTATIONS = YES;
				CLANG_WARN_DIRECT_OBJC_ISA_USAGE = YES_ERROR;
				CLANG_WARN_DOCUMENTATION_COMMENTS = YES;
				CLANG_WARN_EMPTY_BODY = YES;
				CLANG_WARN_ENUM_CONVERSION = YES;
				CLANG_WARN_INFINITE_RECURSION = YES;
				CLANG_WARN_INT_CONVERSION = YES;
				CLANG_WARN_NON_LITERAL_NULL_CONVERSION = YES;
				CLANG_WARN_OBJC_IMPLICIT_RETAIN_SELF = YES;
				CLANG_WARN_OBJC_LITERAL_CONVERSION = YES;
				CLANG_WARN_OBJC_ROOT_CLASS = YES_ERROR;
				CLANG_WARN_RANGE_LOOP_ANALYSIS = YES;
				CLANG_WARN_STRICT_PROTOTYPES = YES;
				CLANG_WARN_SUSPICIOUS_MOVE = YES;
				CLANG_WARN_UNGUARDED_AVAILABILITY = YES_AGGRESSIVE;
				CLANG_WARN_UNREACHABLE_CODE = YES;
				CLANG_WARN__DUPLICATE_METHOD_MATCH = YES;
				COPY_PHASE_STRIP = NO;
				DEBUG_INFORMATION_FORMAT = dwarf;
				ENABLE_STRICT_OBJC_MSGSEND = YES;
				ENABLE_TESTABILITY = YES;
				GCC_C_LANGUAGE_STANDARD = gnu11;
				GCC_DYNAMIC_NO_PIC = NO;
				GCC_NO_COMMON_BLOCKS = YES;
				GCC_OPTIMIZATION_LEVEL = 0;
				GCC_PREPROCESSOR_DEFINITIONS = (
					"DEBUG=1",
					"$(inherited)",
				);
				GCC_WARN_64_TO_32_BIT_CONVERSION = YES;
				GCC_WARN_ABOUT_RETURN_TYPE = YES_ERROR;
				GCC_WARN_UNDECLARED_SELECTOR = YES;
				GCC_WARN_UNINITIALIZED_AUTOS = YES_AGGRESSIVE;
				GCC_WARN_UNUSED_FUNCTION = YES;
				GCC_WARN_UNUSED_VARIABLE = YES;
				IPHONEOS_DEPLOYMENT_TARGET = 13.1;
				MTL_ENABLE_DEBUG_INFO = INCLUDE_SOURCE;
				MTL_FAST_MATH = YES;
				ONLY_ACTIVE_ARCH = YES;
				SDKROOT = iphoneos;
				SWIFT_ACTIVE_COMPILATION_CONDITIONS = DEBUG;
				SWIFT_OPTIMIZATION_LEVEL = "-Onone";
			};
			name = Debug;
		};
		BA7EF7A4243FE3C200EEAEF2 /* Release */ = {
			isa = XCBuildConfiguration;
			buildSettings = {
				ALWAYS_SEARCH_USER_PATHS = NO;
				CLANG_ANALYZER_NONNULL = YES;
				CLANG_ANALYZER_NUMBER_OBJECT_CONVERSION = YES_AGGRESSIVE;
				CLANG_CXX_LANGUAGE_STANDARD = "gnu++14";
				CLANG_CXX_LIBRARY = "libc++";
				CLANG_ENABLE_MODULES = YES;
				CLANG_ENABLE_OBJC_ARC = YES;
				CLANG_ENABLE_OBJC_WEAK = YES;
				CLANG_WARN_BLOCK_CAPTURE_AUTORELEASING = YES;
				CLANG_WARN_BOOL_CONVERSION = YES;
				CLANG_WARN_COMMA = YES;
				CLANG_WARN_CONSTANT_CONVERSION = YES;
				CLANG_WARN_DEPRECATED_OBJC_IMPLEMENTATIONS = YES;
				CLANG_WARN_DIRECT_OBJC_ISA_USAGE = YES_ERROR;
				CLANG_WARN_DOCUMENTATION_COMMENTS = YES;
				CLANG_WARN_EMPTY_BODY = YES;
				CLANG_WARN_ENUM_CONVERSION = YES;
				CLANG_WARN_INFINITE_RECURSION = YES;
				CLANG_WARN_INT_CONVERSION = YES;
				CLANG_WARN_NON_LITERAL_NULL_CONVERSION = YES;
				CLANG_WARN_OBJC_IMPLICIT_RETAIN_SELF = YES;
				CLANG_WARN_OBJC_LITERAL_CONVERSION = YES;
				CLANG_WARN_OBJC_ROOT_CLASS = YES_ERROR;
				CLANG_WARN_RANGE_LOOP_ANALYSIS = YES;
				CLANG_WARN_STRICT_PROTOTYPES = YES;
				CLANG_WARN_SUSPICIOUS_MOVE = YES;
				CLANG_WARN_UNGUARDED_AVAILABILITY = YES_AGGRESSIVE;
				CLANG_WARN_UNREACHABLE_CODE = YES;
				CLANG_WARN__DUPLICATE_METHOD_MATCH = YES;
				COPY_PHASE_STRIP = NO;
				DEBUG_INFORMATION_FORMAT = "dwarf-with-dsym";
				ENABLE_NS_ASSERTIONS = NO;
				ENABLE_STRICT_OBJC_MSGSEND = YES;
				GCC_C_LANGUAGE_STANDARD = gnu11;
				GCC_NO_COMMON_BLOCKS = YES;
				GCC_WARN_64_TO_32_BIT_CONVERSION = YES;
				GCC_WARN_ABOUT_RETURN_TYPE = YES_ERROR;
				GCC_WARN_UNDECLARED_SELECTOR = YES;
				GCC_WARN_UNINITIALIZED_AUTOS = YES_AGGRESSIVE;
				GCC_WARN_UNUSED_FUNCTION = YES;
				GCC_WARN_UNUSED_VARIABLE = YES;
				IPHONEOS_DEPLOYMENT_TARGET = 13.1;
				MTL_ENABLE_DEBUG_INFO = NO;
				MTL_FAST_MATH = YES;
				SDKROOT = iphoneos;
				SWIFT_COMPILATION_MODE = wholemodule;
				SWIFT_OPTIMIZATION_LEVEL = "-O";
				VALIDATE_PRODUCT = YES;
			};
			name = Release;
		};
		BA7EF7A6243FE3C200EEAEF2 /* Debug */ = {
			isa = XCBuildConfiguration;
			buildSettings = {
				ASSETCATALOG_COMPILER_APPICON_NAME = AppIcon;
				CODE_SIGN_STYLE = Automatic;
				DEVELOPMENT_TEAM = 2S53RG6Q4M;
				INFOPLIST_FILE = ReusableCustomPopup/Info.plist;
				LD_RUNPATH_SEARCH_PATHS = (
					"$(inherited)",
					"@executable_path/Frameworks",
				);
				PRODUCT_BUNDLE_IDENTIFIER = "Mohamed-osama.ReusableCustomPopup";
				PRODUCT_NAME = "$(TARGET_NAME)";
				SWIFT_VERSION = 5.0;
				TARGETED_DEVICE_FAMILY = "1,2";
			};
			name = Debug;
		};
		BA7EF7A7243FE3C200EEAEF2 /* Release */ = {
			isa = XCBuildConfiguration;
			buildSettings = {
				ASSETCATALOG_COMPILER_APPICON_NAME = AppIcon;
				CODE_SIGN_STYLE = Automatic;
				DEVELOPMENT_TEAM = 2S53RG6Q4M;
				INFOPLIST_FILE = ReusableCustomPopup/Info.plist;
				LD_RUNPATH_SEARCH_PATHS = (
					"$(inherited)",
					"@executable_path/Frameworks",
				);
				PRODUCT_BUNDLE_IDENTIFIER = "Mohamed-osama.ReusableCustomPopup";
				PRODUCT_NAME = "$(TARGET_NAME)";
				SWIFT_VERSION = 5.0;
				TARGETED_DEVICE_FAMILY = "1,2";
			};
			name = Release;
		};
/* End XCBuildConfiguration section */

/* Begin XCConfigurationList section */
		BA7EF78C243FE3BF00EEAEF2 /* Build configuration list for PBXProject "ReusableCustomPopup" */ = {
			isa = XCConfigurationList;
			buildConfigurations = (
				BA7EF7A3243FE3C200EEAEF2 /* Debug */,
				BA7EF7A4243FE3C200EEAEF2 /* Release */,
			);
			defaultConfigurationIsVisible = 0;
			defaultConfigurationName = Release;
		};
		BA7EF7A5243FE3C200EEAEF2 /* Build configuration list for PBXNativeTarget "ReusableCustomPopup" */ = {
			isa = XCConfigurationList;
			buildConfigurations = (
				BA7EF7A6243FE3C200EEAEF2 /* Debug */,
				BA7EF7A7243FE3C200EEAEF2 /* Release */,
			);
			defaultConfigurationIsVisible = 0;
			defaultConfigurationName = Release;
		};
/* End XCConfigurationList section */
	};
	rootObject = BA7EF789243FE3BF00EEAEF2 /* Project object */;
}
